
Microsoft Visual Studio Solution File, Format Version 12.00
# Visual Studio Version 17
VisualStudioVersion = 17.14.36401.2
MinimumVisualStudioVersion = 10.0.40219.1
Project("{2150E333-8FDC-42A3-9474-1A3956D46DE8}") = "src", "src", "{02EA681E-C7D8-13C7-8484-4AC65E1B71E8}"
EndProject
Project("{2150E333-8FDC-42A3-9474-1A3956D46DE8}") = "docker", "docker", "{2E6EC887-A7A8-46CB-B86B-B4BF6509A2FD}"
	ProjectSection(SolutionItems) = preProject
		docker\.dockerignore = docker\.dockerignore
		docker\docker-compose.yml = docker\docker-compose.yml
		docker\Dockerfile = docker\Dockerfile
	EndProjectSection
EndProject
Project("{FAE04EC0-301F-11D3-BF4B-00C04F79EFBC}") = "Application", "src\Application\Application.csproj", "{575F1D1E-FE24-43C7-90F7-A3B130307F70}"
EndProject
Project("{FAE04EC0-301F-11D3-BF4B-00C04F79EFBC}") = "Domain", "src\Domain\Domain.csproj", "{728FF31D-8E96-4B6A-A439-65011C7CDC1A}"
EndProject
Project("{FAE04EC0-301F-11D3-BF4B-00C04F79EFBC}") = "WebUI", "src\WebUI\WebUI.csproj", "{44ED8BD7-A20D-401D-9B0E-B24202C7CE34}"
EndProject
Project("{FAE04EC0-301F-11D3-BF4B-00C04F79EFBC}") = "Infrastructure", "src\Infrastructure\Infrastructure.csproj", "{4BA3D272-7229-4B79-B54F-996ADC68910A}"
EndProject
Project("{2150E333-8FDC-42A3-9474-1A3956D46DE8}") = "tests", "tests", "{4803A7A3-2A5A-4DE4-9CF1-24EE17312ED7}"
EndProject
Project("{FAE04EC0-301F-11D3-BF4B-00C04F79EFBC}") = "AccountServiceTests", "AccountServiceTests\AccountServiceTests.csproj", "{444DAC1E-AAB8-49F5-9A1E-709528370EE6}"
EndProject
Project("{FAE04EC0-301F-11D3-BF4B-00C04F79EFBC}") = "InvoiceServiceTests", "InvoiceServiceTests\InvoiceServiceTests.csproj", "{4E2923BF-F159-4D1F-9AEE-E244341B6AB8}"
EndProject
Project("{FAE04EC0-301F-11D3-BF4B-00C04F79EFBC}") = "XVerify.WebAPI", "XVerify.WebAPI\XVerify.WebAPI.csproj", "{80687D1E-C403-44E4-9FEF-657873084C1C}"
EndProject
Global
	GlobalSection(SolutionConfigurationPlatforms) = preSolution
		Debug|Any CPU = Debug|Any CPU
		Release|Any CPU = Release|Any CPU
	EndGlobalSection
	GlobalSection(ProjectConfigurationPlatforms) = postSolution
		{575F1D1E-FE24-43C7-90F7-A3B130307F70}.Debug|Any CPU.ActiveCfg = Debug|Any CPU
		{575F1D1E-FE24-43C7-90F7-A3B130307F70}.Debug|Any CPU.Build.0 = Debug|Any CPU
		{575F1D1E-FE24-43C7-90F7-A3B130307F70}.Release|Any CPU.ActiveCfg = Release|Any CPU
		{575F1D1E-FE24-43C7-90F7-A3B130307F70}.Release|Any CPU.Build.0 = Release|Any CPU
		{728FF31D-8E96-4B6A-A439-65011C7CDC1A}.Debug|Any CPU.ActiveCfg = Debug|Any CPU
		{728FF31D-8E96-4B6A-A439-65011C7CDC1A}.Debug|Any CPU.Build.0 = Debug|Any CPU
		{728FF31D-8E96-4B6A-A439-65011C7CDC1A}.Release|Any CPU.ActiveCfg = Release|Any CPU
		{728FF31D-8E96-4B6A-A439-65011C7CDC1A}.Release|Any CPU.Build.0 = Release|Any CPU
		{44ED8BD7-A20D-401D-9B0E-B24202C7CE34}.Debug|Any CPU.ActiveCfg = Debug|Any CPU
		{44ED8BD7-A20D-401D-9B0E-B24202C7CE34}.Debug|Any CPU.Build.0 = Debug|Any CPU
		{44ED8BD7-A20D-401D-9B0E-B24202C7CE34}.Release|Any CPU.ActiveCfg = Release|Any CPU
		{44ED8BD7-A20D-401D-9B0E-B24202C7CE34}.Release|Any CPU.Build.0 = Release|Any CPU
		{4BA3D272-7229-4B79-B54F-996ADC68910A}.Debug|Any CPU.ActiveCfg = Debug|Any CPU
		{4BA3D272-7229-4B79-B54F-996ADC68910A}.Debug|Any CPU.Build.0 = Debug|Any CPU
		{4BA3D272-7229-4B79-B54F-996ADC68910A}.Release|Any CPU.ActiveCfg = Release|Any CPU
		{4BA3D272-7229-4B79-B54F-996ADC68910A}.Release|Any CPU.Build.0 = Release|Any CPU
		{444DAC1E-AAB8-49F5-9A1E-709528370EE6}.Debug|Any CPU.ActiveCfg = Debug|Any CPU
		{444DAC1E-AAB8-49F5-9A1E-709528370EE6}.Debug|Any CPU.Build.0 = Debug|Any CPU
		{444DAC1E-AAB8-49F5-9A1E-709528370EE6}.Release|Any CPU.ActiveCfg = Release|Any CPU
		{444DAC1E-AAB8-49F5-9A1E-709528370EE6}.Release|Any CPU.Build.0 = Release|Any CPU
		{4E2923BF-F159-4D1F-9AEE-E244341B6AB8}.Debug|Any CPU.ActiveCfg = Debug|Any CPU
		{4E2923BF-F159-4D1F-9AEE-E244341B6AB8}.Debug|Any CPU.Build.0 = Debug|Any CPU
		{4E2923BF-F159-4D1F-9AEE-E244341B6AB8}.Release|Any CPU.ActiveCfg = Release|Any CPU
		{4E2923BF-F159-4D1F-9AEE-E244341B6AB8}.Release|Any CPU.Build.0 = Release|Any CPU
		{80687D1E-C403-44E4-9FEF-657873084C1C}.Debug|Any CPU.ActiveCfg = Debug|Any CPU
		{80687D1E-C403-44E4-9FEF-657873084C1C}.Debug|Any CPU.Build.0 = Debug|Any CPU
		{80687D1E-C403-44E4-9FEF-657873084C1C}.Release|Any CPU.ActiveCfg = Release|Any CPU
		{80687D1E-C403-44E4-9FEF-657873084C1C}.Release|Any CPU.Build.0 = Release|Any CPU
	EndGlobalSection
	GlobalSection(SolutionProperties) = preSolution
		HideSolutionNode = FALSE
	EndGlobalSection
	GlobalSection(NestedProjects) = preSolution
		{575F1D1E-FE24-43C7-90F7-A3B130307F70} = {02EA681E-C7D8-13C7-8484-4AC65E1B71E8}
		{728FF31D-8E96-4B6A-A439-65011C7CDC1A} = {02EA681E-C7D8-13C7-8484-4AC65E1B71E8}
		{44ED8BD7-A20D-401D-9B0E-B24202C7CE34} = {02EA681E-C7D8-13C7-8484-4AC65E1B71E8}
		{4BA3D272-7229-4B79-B54F-996ADC68910A} = {02EA681E-C7D8-13C7-8484-4AC65E1B71E8}
		{444DAC1E-AAB8-49F5-9A1E-709528370EE6} = {4803A7A3-2A5A-4DE4-9CF1-24EE17312ED7}
		{4E2923BF-F159-4D1F-9AEE-E244341B6AB8} = {4803A7A3-2A5A-4DE4-9CF1-24EE17312ED7}
		{80687D1E-C403-44E4-9FEF-657873084C1C} = {02EA681E-C7D8-13C7-8484-4AC65E1B71E8}
	EndGlobalSection
	GlobalSection(ExtensibilityGlobals) = postSolution
		SolutionGuid = {BBB35BCD-C69D-4173-A58A-224B7320CB93}
	EndGlobalSection
EndGlobal
